
Microsoft Visual Studio Solution File, Format Version 12.00
# Visual Studio Version 17
VisualStudioVersion = 17.4.33110.190
MinimumVisualStudioVersion = 10.0.40219.1
Project("{FAE04EC0-301F-11D3-BF4B-00C04F79EFBC}") = "AAAA", "AAAA\AAAA.csproj", "{1C574470-C7B6-4FAB-A734-035A0278C2DD}"
EndProject
Global
	GlobalSection(SolutionConfigurationPlatforms) = preSolution
		Debug|Any CPU = Debug|Any CPU
		Release|Any CPU = Release|Any CPU
	EndGlobalSection
	GlobalSection(ProjectConfigurationPlatforms) = postSolution
		{1C574470-C7B6-4FAB-A734-035A0278C2DD}.Debug|Any CPU.ActiveCfg = Debug|Any CPU
		{1C574470-C7B6-4FAB-A734-035A0278C2DD}.Debug|Any CPU.Build.0 = Debug|Any CPU
		{1C574470-C7B6-4FAB-A734-035A0278C2DD}.Release|Any CPU.ActiveCfg = Release|Any CPU
		{1C574470-C7B6-4FAB-A734-035A0278C2DD}.Release|Any CPU.Build.0 = Release|Any CPU
	EndGlobalSection
	GlobalSection(SolutionProperties) = preSolution
		HideSolutionNode = FALSE
	EndGlobalSection
	GlobalSection(ExtensibilityGlobals) = postSolution
		SolutionGuid = {ECCD740B-1731-4EA1-8ED1-CEC2B811D412}
	EndGlobalSection
EndGlobal
